
Microsoft Visual Studio Solution File, Format Version 12.00
# Visual Studio 15
VisualStudioVersion = 15.0.27703.2000
MinimumVisualStudioVersion = 10.0.40219.1
Project("{FAE04EC0-301F-11D3-BF4B-00C04F79EFBC}") = "MagnETS Server", "MagnETS Server\MagnETS Server.csproj", "{05CDA721-9AAC-4AC9-AF35-09BD0A266F47}"
EndProject
Global
	GlobalSection(SolutionConfigurationPlatforms) = preSolution
		Debug|Any CPU = Debug|Any CPU
		Release|Any CPU = Release|Any CPU
	EndGlobalSection
	GlobalSection(ProjectConfigurationPlatforms) = postSolution
		{05CDA721-9AAC-4AC9-AF35-09BD0A266F47}.Debug|Any CPU.ActiveCfg = Debug|Any CPU
		{05CDA721-9AAC-4AC9-AF35-09BD0A266F47}.Debug|Any CPU.Build.0 = Debug|Any CPU
		{05CDA721-9AAC-4AC9-AF35-09BD0A266F47}.Release|Any CPU.ActiveCfg = Release|Any CPU
		{05CDA721-9AAC-4AC9-AF35-09BD0A266F47}.Release|Any CPU.Build.0 = Release|Any CPU
	EndGlobalSection
	GlobalSection(SolutionProperties) = preSolution
		HideSolutionNode = FALSE
	EndGlobalSection
	GlobalSection(ExtensibilityGlobals) = postSolution
		SolutionGuid = {33F3F161-2C9B-4CA6-9E79-6EDF047101A3}
	EndGlobalSection
EndGlobal
